
Microsoft Visual Studio Solution File, Format Version 12.00
# Visual Studio Version 17
VisualStudioVersion = 17.11.35303.130
MinimumVisualStudioVersion = 10.0.40219.1
Project("{9A19103F-16F7-4668-BE54-9A1E7A4F7556}") = "Tyuiu.NovikovaVA.Sprint6.Task0.V16.Lib", "Tyuiu.NovikovaVA.Sprint6.Task0.V16.Lib\Tyuiu.NovikovaVA.Sprint6.Task0.V16.Lib.csproj", "{6D8347D7-9099-435E-A92D-8E6D14E8C3D8}"
EndProject
Project("{2150E333-8FDC-42A3-9474-1A3956D46DE8}") = "Task0", "Task0", "{A46F24AE-F894-4F55-8B43-5B23ED9465E3}"
EndProject
Project("{9A19103F-16F7-4668-BE54-9A1E7A4F7556}") = "Tyuiu.NovikovaVA.Sprint6.Task0.V16.Test", "Tyuiu.NovikovaVA.Sprint6.Task0.V16.Test\Tyuiu.NovikovaVA.Sprint6.Task0.V16.Test.csproj", "{28581815-2CD0-4DD3-84BB-3CB535838B6E}"
EndProject
Project("{9A19103F-16F7-4668-BE54-9A1E7A4F7556}") = "Tyuiu.NovikovaVA.Sprint6.Task0.V16", "Tyuiu.NovikovaVA.Sprint6.Task0.V16\Tyuiu.NovikovaVA.Sprint6.Task0.V16.csproj", "{DE0058EB-DDDC-491C-8E8C-418D387AED6E}"
EndProject
Project("{2150E333-8FDC-42A3-9474-1A3956D46DE8}") = "Task1", "Task1", "{13CC3A4B-9745-4600-A7EE-913DDE265A7B}"
EndProject
Project("{9A19103F-16F7-4668-BE54-9A1E7A4F7556}") = "Tyuiu.NovikovaVA.Sprint6.Task1.V15.Lib", "Tyuiu.NovikovaVA.Sprint6.Task1.V15.Lib\Tyuiu.NovikovaVA.Sprint6.Task1.V15.Lib.csproj", "{76B0FC0F-4A1B-4EE4-81DC-F9641F72D74B}"
EndProject
Project("{9A19103F-16F7-4668-BE54-9A1E7A4F7556}") = "Tyuiu.NovikovaVA.Sprint6.Task1.V15.Test", "Tyuiu.NovikovaVA.Sprint6.Task1.V15.Test\Tyuiu.NovikovaVA.Sprint6.Task1.V15.Test.csproj", "{57C66E4B-39F9-4BD8-BD84-38A313F7BADB}"
EndProject
Project("{9A19103F-16F7-4668-BE54-9A1E7A4F7556}") = "Tyuiu.NovikovaVA.Sprint6.Task1.V15", "Tyuiu.NovikovaVA.Sprint6.Task1.V15\Tyuiu.NovikovaVA.Sprint6.Task1.V15.csproj", "{5D0140B9-6944-4789-9600-E96AE574617B}"
EndProject
Project("{2150E333-8FDC-42A3-9474-1A3956D46DE8}") = "Task2", "Task2", "{5159A279-C63B-4759-BFC2-9D8AFA4F84EC}"
EndProject
Project("{9A19103F-16F7-4668-BE54-9A1E7A4F7556}") = "Tyuiu.NovikovaVA.Sprint6.Task2.V10.Lib", "Tyuiu.NovikovaVA.Sprint6.Task2.V10.Lib\Tyuiu.NovikovaVA.Sprint6.Task2.V10.Lib.csproj", "{4D3FDD4F-4477-4D7E-BA44-4828CB59D8A6}"
EndProject
Project("{9A19103F-16F7-4668-BE54-9A1E7A4F7556}") = "Tyuiu.NovikovaVA.Sprint6.Task2.V10.Test", "Tyuiu.NovikovaVA.Sprint6.Task2.V10.Test\Tyuiu.NovikovaVA.Sprint6.Task2.V10.Test.csproj", "{C56AADC7-E317-457E-AF70-DF3A49099365}"
EndProject
Project("{9A19103F-16F7-4668-BE54-9A1E7A4F7556}") = "Tyuiu.NovikovaVA.Sprint6.Task2.V10", "Tyuiu.NovikovaVA.Sprint6.Task2.V10\Tyuiu.NovikovaVA.Sprint6.Task2.V10.csproj", "{D3FE1C64-66C5-48C5-80F2-E639113F97BB}"
EndProject
Project("{2150E333-8FDC-42A3-9474-1A3956D46DE8}") = "Task3", "Task3", "{9D454409-2E9F-4B54-8715-756DD816D680}"
EndProject
Project("{9A19103F-16F7-4668-BE54-9A1E7A4F7556}") = "Tyuiu.NovikovaVA.Sprint6.Task3.V2.Lib", "Tyuiu.NovikovaVA.Sprint6.Task3.V2.Lib\Tyuiu.NovikovaVA.Sprint6.Task3.V2.Lib.csproj", "{CD03A64D-57CC-4F82-8974-259E13AF9508}"
EndProject
Project("{9A19103F-16F7-4668-BE54-9A1E7A4F7556}") = "Tyuiu.NovikovaVA.Sprint6.Task3.V2.Test", "Tyuiu.NovikovaVA.Sprint6.Task3.V2.Test\Tyuiu.NovikovaVA.Sprint6.Task3.V2.Test.csproj", "{D8F383F0-2507-4DF7-BECA-9AC6A840BCD4}"
EndProject
Project("{9A19103F-16F7-4668-BE54-9A1E7A4F7556}") = "Tyuiu.NovikovaVA.Sprint6.Task3.V2", "Tyuiu.NovikovaVA.Sprint6.Task3.V2\Tyuiu.NovikovaVA.Sprint6.Task3.V2.csproj", "{B420BFCF-4DA0-42B9-8CE7-30FE16EC88B2}"
EndProject
Project("{2150E333-8FDC-42A3-9474-1A3956D46DE8}") = "Task4", "Task4", "{E88E28DC-1458-4FFA-A9E9-D89D6C0216E6}"
EndProject
Project("{9A19103F-16F7-4668-BE54-9A1E7A4F7556}") = "Tyuiu.NovikovaVA.Sprint6.Task4.V3.Lib", "Tyuiu.NovikovaVA.Sprint6.Task4.V3.Lib\Tyuiu.NovikovaVA.Sprint6.Task4.V3.Lib.csproj", "{CD1B8B53-45A7-453A-9FFC-2C0EF69CDED4}"
EndProject
Project("{9A19103F-16F7-4668-BE54-9A1E7A4F7556}") = "Tyuiu.NovikovaVA.Sprint6.Task4.V3.Test", "Tyuiu.NovikovaVA.Sprint6.Task4.V3.Test\Tyuiu.NovikovaVA.Sprint6.Task4.V3.Test.csproj", "{460FB835-E908-4472-BBE1-95C3AFBA370A}"
EndProject
Project("{9A19103F-16F7-4668-BE54-9A1E7A4F7556}") = "Tyuiu.NovikovaVA.Sprint6.Task4.V3", "Tyuiu.NovikovaVA.Sprint6.Task4.V3\Tyuiu.NovikovaVA.Sprint6.Task4.V3.csproj", "{81388A7E-8321-4392-BD8A-C698E6E2C845}"
EndProject
Project("{2150E333-8FDC-42A3-9474-1A3956D46DE8}") = "Task5", "Task5", "{4C449A26-98DB-4A9A-8F25-295862770848}"
EndProject
Project("{FAE04EC0-301F-11D3-BF4B-00C04F79EFBC}") = "Tyuiu.NovikovaVA.Sprint6.Task5.V15.Lib", "Tyuiu.NovikovaVA.Sprint6.Task5.V15.Lib\Tyuiu.NovikovaVA.Sprint6.Task5.V15.Lib.csproj", "{D68C9BD7-B747-4A1E-A486-8BD585B80FB3}"
EndProject
Project("{FAE04EC0-301F-11D3-BF4B-00C04F79EFBC}") = "Tyuiu.NovikovaVA.Sprint6.Task5.V15.Test", "Tyuiu.NovikovaVA.Sprint6.Task5.V15.Test\Tyuiu.NovikovaVA.Sprint6.Task5.V15.Test.csproj", "{9E3302FA-88A2-4516-992A-DF5A14CE2382}"
EndProject
Project("{FAE04EC0-301F-11D3-BF4B-00C04F79EFBC}") = "Tyuiu.NovikovaVA.Sprint6.Task5.V15", "Tyuiu.NovikovaVA.Sprint6.Task5.V15\Tyuiu.NovikovaVA.Sprint6.Task5.V15.csproj", "{2528E67F-410C-49E8-A3F3-63ECD660E77B}"
EndProject
Project("{2150E333-8FDC-42A3-9474-1A3956D46DE8}") = "Task6", "Task6", "{4B05FC9F-7F36-4BD4-8791-871638AAD6BA}"
EndProject
Project("{FAE04EC0-301F-11D3-BF4B-00C04F79EFBC}") = "Tyuiu.NovikovaVA.Sprint6.Task6.V28.Lib", "Tyuiu.NovikovaVA.Sprint6.Task6.V28.Lib\Tyuiu.NovikovaVA.Sprint6.Task6.V28.Lib.csproj", "{FFF54B37-0285-4E77-AB09-61121563CD0E}"
EndProject
Project("{FAE04EC0-301F-11D3-BF4B-00C04F79EFBC}") = "Tyuiu.NovikovaVA.Sprint6.Task6.V28.Test", "Tyuiu.NovikovaVA.Sprint6.Task6.V28.Test\Tyuiu.NovikovaVA.Sprint6.Task6.V28.Test.csproj", "{C1865617-6B95-43B2-AEA6-CAE27160ED0D}"
EndProject
Project("{FAE04EC0-301F-11D3-BF4B-00C04F79EFBC}") = "Tyuiu.NovikovaVA.Sprint6.Task6.V28", "Tyuiu.NovikovaVA.Sprint6.Task6.V28\Tyuiu.NovikovaVA.Sprint6.Task6.V28.csproj", "{4307A658-D18E-4987-AFDC-6668538E2D2D}"
EndProject
Global
	GlobalSection(SolutionConfigurationPlatforms) = preSolution
		Debug|Any CPU = Debug|Any CPU
		Release|Any CPU = Release|Any CPU
	EndGlobalSection
	GlobalSection(ProjectConfigurationPlatforms) = postSolution
		{6D8347D7-9099-435E-A92D-8E6D14E8C3D8}.Debug|Any CPU.ActiveCfg = Debug|Any CPU
		{6D8347D7-9099-435E-A92D-8E6D14E8C3D8}.Debug|Any CPU.Build.0 = Debug|Any CPU
		{6D8347D7-9099-435E-A92D-8E6D14E8C3D8}.Release|Any CPU.ActiveCfg = Release|Any CPU
		{6D8347D7-9099-435E-A92D-8E6D14E8C3D8}.Release|Any CPU.Build.0 = Release|Any CPU
		{28581815-2CD0-4DD3-84BB-3CB535838B6E}.Debug|Any CPU.ActiveCfg = Debug|Any CPU
		{28581815-2CD0-4DD3-84BB-3CB535838B6E}.Debug|Any CPU.Build.0 = Debug|Any CPU
		{28581815-2CD0-4DD3-84BB-3CB535838B6E}.Release|Any CPU.ActiveCfg = Release|Any CPU
		{28581815-2CD0-4DD3-84BB-3CB535838B6E}.Release|Any CPU.Build.0 = Release|Any CPU
		{DE0058EB-DDDC-491C-8E8C-418D387AED6E}.Debug|Any CPU.ActiveCfg = Debug|Any CPU
		{DE0058EB-DDDC-491C-8E8C-418D387AED6E}.Debug|Any CPU.Build.0 = Debug|Any CPU
		{DE0058EB-DDDC-491C-8E8C-418D387AED6E}.Release|Any CPU.ActiveCfg = Release|Any CPU
		{DE0058EB-DDDC-491C-8E8C-418D387AED6E}.Release|Any CPU.Build.0 = Release|Any CPU
		{76B0FC0F-4A1B-4EE4-81DC-F9641F72D74B}.Debug|Any CPU.ActiveCfg = Debug|Any CPU
		{76B0FC0F-4A1B-4EE4-81DC-F9641F72D74B}.Debug|Any CPU.Build.0 = Debug|Any CPU
		{76B0FC0F-4A1B-4EE4-81DC-F9641F72D74B}.Release|Any CPU.ActiveCfg = Release|Any CPU
		{76B0FC0F-4A1B-4EE4-81DC-F9641F72D74B}.Release|Any CPU.Build.0 = Release|Any CPU
		{57C66E4B-39F9-4BD8-BD84-38A313F7BADB}.Debug|Any CPU.ActiveCfg = Debug|Any CPU
		{57C66E4B-39F9-4BD8-BD84-38A313F7BADB}.Debug|Any CPU.Build.0 = Debug|Any CPU
		{57C66E4B-39F9-4BD8-BD84-38A313F7BADB}.Release|Any CPU.ActiveCfg = Release|Any CPU
		{57C66E4B-39F9-4BD8-BD84-38A313F7BADB}.Release|Any CPU.Build.0 = Release|Any CPU
		{5D0140B9-6944-4789-9600-E96AE574617B}.Debug|Any CPU.ActiveCfg = Debug|Any CPU
		{5D0140B9-6944-4789-9600-E96AE574617B}.Debug|Any CPU.Build.0 = Debug|Any CPU
		{5D0140B9-6944-4789-9600-E96AE574617B}.Release|Any CPU.ActiveCfg = Release|Any CPU
		{5D0140B9-6944-4789-9600-E96AE574617B}.Release|Any CPU.Build.0 = Release|Any CPU
		{4D3FDD4F-4477-4D7E-BA44-4828CB59D8A6}.Debug|Any CPU.ActiveCfg = Debug|Any CPU
		{4D3FDD4F-4477-4D7E-BA44-4828CB59D8A6}.Debug|Any CPU.Build.0 = Debug|Any CPU
		{4D3FDD4F-4477-4D7E-BA44-4828CB59D8A6}.Release|Any CPU.ActiveCfg = Release|Any CPU
		{4D3FDD4F-4477-4D7E-BA44-4828CB59D8A6}.Release|Any CPU.Build.0 = Release|Any CPU
		{C56AADC7-E317-457E-AF70-DF3A49099365}.Debug|Any CPU.ActiveCfg = Debug|Any CPU
		{C56AADC7-E317-457E-AF70-DF3A49099365}.Debug|Any CPU.Build.0 = Debug|Any CPU
		{C56AADC7-E317-457E-AF70-DF3A49099365}.Release|Any CPU.ActiveCfg = Release|Any CPU
		{C56AADC7-E317-457E-AF70-DF3A49099365}.Release|Any CPU.Build.0 = Release|Any CPU
		{D3FE1C64-66C5-48C5-80F2-E639113F97BB}.Debug|Any CPU.ActiveCfg = Debug|Any CPU
		{D3FE1C64-66C5-48C5-80F2-E639113F97BB}.Debug|Any CPU.Build.0 = Debug|Any CPU
		{D3FE1C64-66C5-48C5-80F2-E639113F97BB}.Release|Any CPU.ActiveCfg = Release|Any CPU
		{D3FE1C64-66C5-48C5-80F2-E639113F97BB}.Release|Any CPU.Build.0 = Release|Any CPU
		{CD03A64D-57CC-4F82-8974-259E13AF9508}.Debug|Any CPU.ActiveCfg = Debug|Any CPU
		{CD03A64D-57CC-4F82-8974-259E13AF9508}.Debug|Any CPU.Build.0 = Debug|Any CPU
		{CD03A64D-57CC-4F82-8974-259E13AF9508}.Release|Any CPU.ActiveCfg = Release|Any CPU
		{CD03A64D-57CC-4F82-8974-259E13AF9508}.Release|Any CPU.Build.0 = Release|Any CPU
		{D8F383F0-2507-4DF7-BECA-9AC6A840BCD4}.Debug|Any CPU.ActiveCfg = Debug|Any CPU
		{D8F383F0-2507-4DF7-BECA-9AC6A840BCD4}.Debug|Any CPU.Build.0 = Debug|Any CPU
		{D8F383F0-2507-4DF7-BECA-9AC6A840BCD4}.Release|Any CPU.ActiveCfg = Release|Any CPU
		{D8F383F0-2507-4DF7-BECA-9AC6A840BCD4}.Release|Any CPU.Build.0 = Release|Any CPU
		{B420BFCF-4DA0-42B9-8CE7-30FE16EC88B2}.Debug|Any CPU.ActiveCfg = Debug|Any CPU
		{B420BFCF-4DA0-42B9-8CE7-30FE16EC88B2}.Debug|Any CPU.Build.0 = Debug|Any CPU
		{B420BFCF-4DA0-42B9-8CE7-30FE16EC88B2}.Release|Any CPU.ActiveCfg = Release|Any CPU
		{B420BFCF-4DA0-42B9-8CE7-30FE16EC88B2}.Release|Any CPU.Build.0 = Release|Any CPU
		{CD1B8B53-45A7-453A-9FFC-2C0EF69CDED4}.Debug|Any CPU.ActiveCfg = Debug|Any CPU
		{CD1B8B53-45A7-453A-9FFC-2C0EF69CDED4}.Debug|Any CPU.Build.0 = Debug|Any CPU
		{CD1B8B53-45A7-453A-9FFC-2C0EF69CDED4}.Release|Any CPU.ActiveCfg = Release|Any CPU
		{CD1B8B53-45A7-453A-9FFC-2C0EF69CDED4}.Release|Any CPU.Build.0 = Release|Any CPU
		{460FB835-E908-4472-BBE1-95C3AFBA370A}.Debug|Any CPU.ActiveCfg = Debug|Any CPU
		{460FB835-E908-4472-BBE1-95C3AFBA370A}.Debug|Any CPU.Build.0 = Debug|Any CPU
		{460FB835-E908-4472-BBE1-95C3AFBA370A}.Release|Any CPU.ActiveCfg = Release|Any CPU
		{460FB835-E908-4472-BBE1-95C3AFBA370A}.Release|Any CPU.Build.0 = Release|Any CPU
		{81388A7E-8321-4392-BD8A-C698E6E2C845}.Debug|Any CPU.ActiveCfg = Debug|Any CPU
		{81388A7E-8321-4392-BD8A-C698E6E2C845}.Debug|Any CPU.Build.0 = Debug|Any CPU
		{81388A7E-8321-4392-BD8A-C698E6E2C845}.Release|Any CPU.ActiveCfg = Release|Any CPU
		{81388A7E-8321-4392-BD8A-C698E6E2C845}.Release|Any CPU.Build.0 = Release|Any CPU
		{D68C9BD7-B747-4A1E-A486-8BD585B80FB3}.Debug|Any CPU.ActiveCfg = Debug|Any CPU
		{D68C9BD7-B747-4A1E-A486-8BD585B80FB3}.Debug|Any CPU.Build.0 = Debug|Any CPU
		{D68C9BD7-B747-4A1E-A486-8BD585B80FB3}.Release|Any CPU.ActiveCfg = Release|Any CPU
		{D68C9BD7-B747-4A1E-A486-8BD585B80FB3}.Release|Any CPU.Build.0 = Release|Any CPU
		{9E3302FA-88A2-4516-992A-DF5A14CE2382}.Debug|Any CPU.ActiveCfg = Debug|Any CPU
		{9E3302FA-88A2-4516-992A-DF5A14CE2382}.Debug|Any CPU.Build.0 = Debug|Any CPU
		{9E3302FA-88A2-4516-992A-DF5A14CE2382}.Release|Any CPU.ActiveCfg = Release|Any CPU
		{9E3302FA-88A2-4516-992A-DF5A14CE2382}.Release|Any CPU.Build.0 = Release|Any CPU
		{2528E67F-410C-49E8-A3F3-63ECD660E77B}.Debug|Any CPU.ActiveCfg = Debug|Any CPU
		{2528E67F-410C-49E8-A3F3-63ECD660E77B}.Debug|Any CPU.Build.0 = Debug|Any CPU
		{2528E67F-410C-49E8-A3F3-63ECD660E77B}.Release|Any CPU.ActiveCfg = Release|Any CPU
		{2528E67F-410C-49E8-A3F3-63ECD660E77B}.Release|Any CPU.Build.0 = Release|Any CPU
		{FFF54B37-0285-4E77-AB09-61121563CD0E}.Debug|Any CPU.ActiveCfg = Debug|Any CPU
		{FFF54B37-0285-4E77-AB09-61121563CD0E}.Debug|Any CPU.Build.0 = Debug|Any CPU
		{FFF54B37-0285-4E77-AB09-61121563CD0E}.Release|Any CPU.ActiveCfg = Release|Any CPU
		{FFF54B37-0285-4E77-AB09-61121563CD0E}.Release|Any CPU.Build.0 = Release|Any CPU
		{C1865617-6B95-43B2-AEA6-CAE27160ED0D}.Debug|Any CPU.ActiveCfg = Debug|Any CPU
		{C1865617-6B95-43B2-AEA6-CAE27160ED0D}.Debug|Any CPU.Build.0 = Debug|Any CPU
		{C1865617-6B95-43B2-AEA6-CAE27160ED0D}.Release|Any CPU.ActiveCfg = Release|Any CPU
		{C1865617-6B95-43B2-AEA6-CAE27160ED0D}.Release|Any CPU.Build.0 = Release|Any CPU
		{4307A658-D18E-4987-AFDC-6668538E2D2D}.Debug|Any CPU.ActiveCfg = Debug|Any CPU
		{4307A658-D18E-4987-AFDC-6668538E2D2D}.Debug|Any CPU.Build.0 = Debug|Any CPU
		{4307A658-D18E-4987-AFDC-6668538E2D2D}.Release|Any CPU.ActiveCfg = Release|Any CPU
		{4307A658-D18E-4987-AFDC-6668538E2D2D}.Release|Any CPU.Build.0 = Release|Any CPU
	EndGlobalSection
	GlobalSection(SolutionProperties) = preSolution
		HideSolutionNode = FALSE
	EndGlobalSection
	GlobalSection(NestedProjects) = preSolution
		{6D8347D7-9099-435E-A92D-8E6D14E8C3D8} = {A46F24AE-F894-4F55-8B43-5B23ED9465E3}
		{28581815-2CD0-4DD3-84BB-3CB535838B6E} = {A46F24AE-F894-4F55-8B43-5B23ED9465E3}
		{DE0058EB-DDDC-491C-8E8C-418D387AED6E} = {A46F24AE-F894-4F55-8B43-5B23ED9465E3}
		{76B0FC0F-4A1B-4EE4-81DC-F9641F72D74B} = {13CC3A4B-9745-4600-A7EE-913DDE265A7B}
		{57C66E4B-39F9-4BD8-BD84-38A313F7BADB} = {13CC3A4B-9745-4600-A7EE-913DDE265A7B}
		{5D0140B9-6944-4789-9600-E96AE574617B} = {13CC3A4B-9745-4600-A7EE-913DDE265A7B}
		{4D3FDD4F-4477-4D7E-BA44-4828CB59D8A6} = {5159A279-C63B-4759-BFC2-9D8AFA4F84EC}
		{C56AADC7-E317-457E-AF70-DF3A49099365} = {5159A279-C63B-4759-BFC2-9D8AFA4F84EC}
		{D3FE1C64-66C5-48C5-80F2-E639113F97BB} = {5159A279-C63B-4759-BFC2-9D8AFA4F84EC}
		{CD03A64D-57CC-4F82-8974-259E13AF9508} = {9D454409-2E9F-4B54-8715-756DD816D680}
		{D8F383F0-2507-4DF7-BECA-9AC6A840BCD4} = {9D454409-2E9F-4B54-8715-756DD816D680}
		{B420BFCF-4DA0-42B9-8CE7-30FE16EC88B2} = {9D454409-2E9F-4B54-8715-756DD816D680}
		{CD1B8B53-45A7-453A-9FFC-2C0EF69CDED4} = {E88E28DC-1458-4FFA-A9E9-D89D6C0216E6}
		{460FB835-E908-4472-BBE1-95C3AFBA370A} = {E88E28DC-1458-4FFA-A9E9-D89D6C0216E6}
		{81388A7E-8321-4392-BD8A-C698E6E2C845} = {E88E28DC-1458-4FFA-A9E9-D89D6C0216E6}
		{D68C9BD7-B747-4A1E-A486-8BD585B80FB3} = {4C449A26-98DB-4A9A-8F25-295862770848}
		{9E3302FA-88A2-4516-992A-DF5A14CE2382} = {4C449A26-98DB-4A9A-8F25-295862770848}
		{2528E67F-410C-49E8-A3F3-63ECD660E77B} = {4C449A26-98DB-4A9A-8F25-295862770848}
		{FFF54B37-0285-4E77-AB09-61121563CD0E} = {4B05FC9F-7F36-4BD4-8791-871638AAD6BA}
		{C1865617-6B95-43B2-AEA6-CAE27160ED0D} = {4B05FC9F-7F36-4BD4-8791-871638AAD6BA}
		{4307A658-D18E-4987-AFDC-6668538E2D2D} = {4B05FC9F-7F36-4BD4-8791-871638AAD6BA}
	EndGlobalSection
	GlobalSection(ExtensibilityGlobals) = postSolution
		SolutionGuid = {815ADE7F-30C9-4335-97FE-7FFA68EEED71}
	EndGlobalSection
EndGlobal
